
Microsoft Visual Studio Solution File, Format Version 12.00
# Visual Studio Version 16
VisualStudioVersion = 16.0.31911.196
MinimumVisualStudioVersion = 10.0.40219.1
Project("{FAE04EC0-301F-11D3-BF4B-00C04F79EFBC}") = "MathTaskClassLibrary", "MathTaskClassLibrary\MathTaskClassLibrary.csproj", "{7817A18F-D4E1-443E-859B-E16040F541CA}"
EndProject
Project("{FAE04EC0-301F-11D3-BF4B-00C04F79EFBC}") = "MathTaskClassLibraryTests", "MathTaskClassLibraryTests\MathTaskClassLibraryTests.csproj", "{181BDC3A-E259-41AB-B335-18BFF1B024DC}"
EndProject
Project("{FAE04EC0-301F-11D3-BF4B-00C04F79EFBC}") = "TranspositionCipher", "TranspositionCipher\TranspositionCipher.csproj", "{5CD42E94-5171-4F10-A60D-14623EED520C}"
EndProject
Global
	GlobalSection(SolutionConfigurationPlatforms) = preSolution
		Debug|Any CPU = Debug|Any CPU
		Release|Any CPU = Release|Any CPU
	EndGlobalSection
	GlobalSection(ProjectConfigurationPlatforms) = postSolution
		{7817A18F-D4E1-443E-859B-E16040F541CA}.Debug|Any CPU.ActiveCfg = Debug|Any CPU
		{7817A18F-D4E1-443E-859B-E16040F541CA}.Debug|Any CPU.Build.0 = Debug|Any CPU
		{7817A18F-D4E1-443E-859B-E16040F541CA}.Release|Any CPU.ActiveCfg = Release|Any CPU
		{7817A18F-D4E1-443E-859B-E16040F541CA}.Release|Any CPU.Build.0 = Release|Any CPU
		{181BDC3A-E259-41AB-B335-18BFF1B024DC}.Debug|Any CPU.ActiveCfg = Debug|Any CPU
		{181BDC3A-E259-41AB-B335-18BFF1B024DC}.Debug|Any CPU.Build.0 = Debug|Any CPU
		{181BDC3A-E259-41AB-B335-18BFF1B024DC}.Release|Any CPU.ActiveCfg = Release|Any CPU
		{181BDC3A-E259-41AB-B335-18BFF1B024DC}.Release|Any CPU.Build.0 = Release|Any CPU
		{5CD42E94-5171-4F10-A60D-14623EED520C}.Debug|Any CPU.ActiveCfg = Debug|Any CPU
		{5CD42E94-5171-4F10-A60D-14623EED520C}.Debug|Any CPU.Build.0 = Debug|Any CPU
		{5CD42E94-5171-4F10-A60D-14623EED520C}.Release|Any CPU.ActiveCfg = Release|Any CPU
		{5CD42E94-5171-4F10-A60D-14623EED520C}.Release|Any CPU.Build.0 = Release|Any CPU
	EndGlobalSection
	GlobalSection(SolutionProperties) = preSolution
		HideSolutionNode = FALSE
	EndGlobalSection
	GlobalSection(ExtensibilityGlobals) = postSolution
		SolutionGuid = {6B37BADD-588B-4375-8595-A9E0A1D0F027}
	EndGlobalSection
EndGlobal
