
Microsoft Visual Studio Solution File, Format Version 12.00
# Visual Studio Version 16
VisualStudioVersion = 16.0.31911.196
MinimumVisualStudioVersion = 10.0.40219.1
Project("{FAE04EC0-301F-11D3-BF4B-00C04F79EFBC}") = "SecondApplication", "SecondApplication\SecondApplication.csproj", "{64C2568F-9495-42F1-9FAD-D94C8EEA8785}"
EndProject
Project("{FAE04EC0-301F-11D3-BF4B-00C04F79EFBC}") = "ShadesOfGray", "ShadesOfGray\ShadesOfGray.csproj", "{5C97E2CB-8FAE-40F1-8ECE-CC31DD48C861}"
EndProject
Global
	GlobalSection(SolutionConfigurationPlatforms) = preSolution
		Debug|Any CPU = Debug|Any CPU
		Release|Any CPU = Release|Any CPU
	EndGlobalSection
	GlobalSection(ProjectConfigurationPlatforms) = postSolution
		{64C2568F-9495-42F1-9FAD-D94C8EEA8785}.Debug|Any CPU.ActiveCfg = Debug|Any CPU
		{64C2568F-9495-42F1-9FAD-D94C8EEA8785}.Debug|Any CPU.Build.0 = Debug|Any CPU
		{64C2568F-9495-42F1-9FAD-D94C8EEA8785}.Release|Any CPU.ActiveCfg = Release|Any CPU
		{64C2568F-9495-42F1-9FAD-D94C8EEA8785}.Release|Any CPU.Build.0 = Release|Any CPU
		{5C97E2CB-8FAE-40F1-8ECE-CC31DD48C861}.Debug|Any CPU.ActiveCfg = Debug|Any CPU
		{5C97E2CB-8FAE-40F1-8ECE-CC31DD48C861}.Debug|Any CPU.Build.0 = Debug|Any CPU
		{5C97E2CB-8FAE-40F1-8ECE-CC31DD48C861}.Release|Any CPU.ActiveCfg = Release|Any CPU
		{5C97E2CB-8FAE-40F1-8ECE-CC31DD48C861}.Release|Any CPU.Build.0 = Release|Any CPU
	EndGlobalSection
	GlobalSection(SolutionProperties) = preSolution
		HideSolutionNode = FALSE
	EndGlobalSection
	GlobalSection(ExtensibilityGlobals) = postSolution
		SolutionGuid = {545A99F2-E737-49E7-B3CF-F8F804CDECDE}
	EndGlobalSection
EndGlobal
