
Microsoft Visual Studio Solution File, Format Version 12.00
# Visual Studio Version 16
VisualStudioVersion = 16.0.31911.196
MinimumVisualStudioVersion = 10.0.40219.1
Project("{FAE04EC0-301F-11D3-BF4B-00C04F79EFBC}") = "HitTheKeys", "HitTheKeys\HitTheKeys.csproj", "{B4C27730-606C-4886-BE2D-B155F6753315}"
EndProject
Project("{FAE04EC0-301F-11D3-BF4B-00C04F79EFBC}") = "OneArmedBandit", "OneArmedBandit\OneArmedBandit.csproj", "{3BB1A1CA-6ABF-492A-B3CF-131512406793}"
EndProject
Global
	GlobalSection(SolutionConfigurationPlatforms) = preSolution
		Debug|Any CPU = Debug|Any CPU
		Release|Any CPU = Release|Any CPU
	EndGlobalSection
	GlobalSection(ProjectConfigurationPlatforms) = postSolution
		{B4C27730-606C-4886-BE2D-B155F6753315}.Debug|Any CPU.ActiveCfg = Debug|Any CPU
		{B4C27730-606C-4886-BE2D-B155F6753315}.Debug|Any CPU.Build.0 = Debug|Any CPU
		{B4C27730-606C-4886-BE2D-B155F6753315}.Release|Any CPU.ActiveCfg = Release|Any CPU
		{B4C27730-606C-4886-BE2D-B155F6753315}.Release|Any CPU.Build.0 = Release|Any CPU
		{3BB1A1CA-6ABF-492A-B3CF-131512406793}.Debug|Any CPU.ActiveCfg = Debug|Any CPU
		{3BB1A1CA-6ABF-492A-B3CF-131512406793}.Debug|Any CPU.Build.0 = Debug|Any CPU
		{3BB1A1CA-6ABF-492A-B3CF-131512406793}.Release|Any CPU.ActiveCfg = Release|Any CPU
		{3BB1A1CA-6ABF-492A-B3CF-131512406793}.Release|Any CPU.Build.0 = Release|Any CPU
	EndGlobalSection
	GlobalSection(SolutionProperties) = preSolution
		HideSolutionNode = FALSE
	EndGlobalSection
	GlobalSection(ExtensibilityGlobals) = postSolution
		SolutionGuid = {5DC03AB9-BD70-4A1E-871C-6603E1A88FB6}
	EndGlobalSection
EndGlobal
