
Microsoft Visual Studio Solution File, Format Version 12.00
# Visual Studio Version 16
VisualStudioVersion = 16.0.31911.196
MinimumVisualStudioVersion = 10.0.40219.1
Project("{FAE04EC0-301F-11D3-BF4B-00C04F79EFBC}") = "SerializePeople", "SerializePeople\SerializePeople.csproj", "{65DB1B4A-4128-46B9-B708-75317D967656}"
EndProject
Project("{FAE04EC0-301F-11D3-BF4B-00C04F79EFBC}") = "SerializePeopleXML", "SerializePeopleXML\SerializePeopleXML.csproj", "{024C51B0-A911-4F22-9CE4-2C78CAF415BB}"
EndProject
Global
	GlobalSection(SolutionConfigurationPlatforms) = preSolution
		Debug|Any CPU = Debug|Any CPU
		Release|Any CPU = Release|Any CPU
	EndGlobalSection
	GlobalSection(ProjectConfigurationPlatforms) = postSolution
		{65DB1B4A-4128-46B9-B708-75317D967656}.Debug|Any CPU.ActiveCfg = Debug|Any CPU
		{65DB1B4A-4128-46B9-B708-75317D967656}.Debug|Any CPU.Build.0 = Debug|Any CPU
		{65DB1B4A-4128-46B9-B708-75317D967656}.Release|Any CPU.ActiveCfg = Release|Any CPU
		{65DB1B4A-4128-46B9-B708-75317D967656}.Release|Any CPU.Build.0 = Release|Any CPU
		{024C51B0-A911-4F22-9CE4-2C78CAF415BB}.Debug|Any CPU.ActiveCfg = Debug|Any CPU
		{024C51B0-A911-4F22-9CE4-2C78CAF415BB}.Debug|Any CPU.Build.0 = Debug|Any CPU
		{024C51B0-A911-4F22-9CE4-2C78CAF415BB}.Release|Any CPU.ActiveCfg = Release|Any CPU
		{024C51B0-A911-4F22-9CE4-2C78CAF415BB}.Release|Any CPU.Build.0 = Release|Any CPU
	EndGlobalSection
	GlobalSection(SolutionProperties) = preSolution
		HideSolutionNode = FALSE
	EndGlobalSection
	GlobalSection(ExtensibilityGlobals) = postSolution
		SolutionGuid = {3F80B36B-F701-4EDE-9D93-875A812A4975}
	EndGlobalSection
EndGlobal
