
Microsoft Visual Studio Solution File, Format Version 12.00
# Visual Studio Version 16
VisualStudioVersion = 16.0.31911.196
MinimumVisualStudioVersion = 10.0.40219.1
Project("{FAE04EC0-301F-11D3-BF4B-00C04F79EFBC}") = "SimpleThreadingDemo", "SimpleThreadingDemo\SimpleThreadingDemo.csproj", "{13B16D3C-83E9-4F19-858E-3A11C28223A2}"
EndProject
Project("{FAE04EC0-301F-11D3-BF4B-00C04F79EFBC}") = "SingleInstance", "SingleInstance\SingleInstance.csproj", "{C7054431-7D74-414B-8F77-7937FA7E7783}"
EndProject
Project("{FAE04EC0-301F-11D3-BF4B-00C04F79EFBC}") = "ThreadPoolDemo", "ThreadPoolDemo\ThreadPoolDemo.csproj", "{B710B7B6-DF40-47A5-9B3E-E022DC030CDC}"
EndProject
Global
	GlobalSection(SolutionConfigurationPlatforms) = preSolution
		Debug|Any CPU = Debug|Any CPU
		Release|Any CPU = Release|Any CPU
	EndGlobalSection
	GlobalSection(ProjectConfigurationPlatforms) = postSolution
		{13B16D3C-83E9-4F19-858E-3A11C28223A2}.Debug|Any CPU.ActiveCfg = Debug|Any CPU
		{13B16D3C-83E9-4F19-858E-3A11C28223A2}.Debug|Any CPU.Build.0 = Debug|Any CPU
		{13B16D3C-83E9-4F19-858E-3A11C28223A2}.Release|Any CPU.ActiveCfg = Release|Any CPU
		{13B16D3C-83E9-4F19-858E-3A11C28223A2}.Release|Any CPU.Build.0 = Release|Any CPU
		{C7054431-7D74-414B-8F77-7937FA7E7783}.Debug|Any CPU.ActiveCfg = Debug|Any CPU
		{C7054431-7D74-414B-8F77-7937FA7E7783}.Debug|Any CPU.Build.0 = Debug|Any CPU
		{C7054431-7D74-414B-8F77-7937FA7E7783}.Release|Any CPU.ActiveCfg = Release|Any CPU
		{C7054431-7D74-414B-8F77-7937FA7E7783}.Release|Any CPU.Build.0 = Release|Any CPU
		{B710B7B6-DF40-47A5-9B3E-E022DC030CDC}.Debug|Any CPU.ActiveCfg = Debug|Any CPU
		{B710B7B6-DF40-47A5-9B3E-E022DC030CDC}.Debug|Any CPU.Build.0 = Debug|Any CPU
		{B710B7B6-DF40-47A5-9B3E-E022DC030CDC}.Release|Any CPU.ActiveCfg = Release|Any CPU
		{B710B7B6-DF40-47A5-9B3E-E022DC030CDC}.Release|Any CPU.Build.0 = Release|Any CPU
	EndGlobalSection
	GlobalSection(SolutionProperties) = preSolution
		HideSolutionNode = FALSE
	EndGlobalSection
	GlobalSection(ExtensibilityGlobals) = postSolution
		SolutionGuid = {FE3A19B8-2F26-4D78-901D-434D866D968F}
	EndGlobalSection
EndGlobal
