
Microsoft Visual Studio Solution File, Format Version 12.00
# Visual Studio Version 16
VisualStudioVersion = 16.0.31911.196
MinimumVisualStudioVersion = 10.0.40219.1
Project("{9A19103F-16F7-4668-BE54-9A1E7A4F7556}") = "WeatherForecast", "WeatherForecast\WeatherForecast.csproj", "{4CA02224-127D-4F5C-A843-095AFD80C029}"
EndProject
Project("{9A19103F-16F7-4668-BE54-9A1E7A4F7556}") = "User", "User\User.csproj", "{28F11F31-33A1-4557-80C6-A94AF904075B}"
EndProject
Global
	GlobalSection(SolutionConfigurationPlatforms) = preSolution
		Debug|Any CPU = Debug|Any CPU
		Release|Any CPU = Release|Any CPU
	EndGlobalSection
	GlobalSection(ProjectConfigurationPlatforms) = postSolution
		{4CA02224-127D-4F5C-A843-095AFD80C029}.Debug|Any CPU.ActiveCfg = Debug|Any CPU
		{4CA02224-127D-4F5C-A843-095AFD80C029}.Debug|Any CPU.Build.0 = Debug|Any CPU
		{4CA02224-127D-4F5C-A843-095AFD80C029}.Release|Any CPU.ActiveCfg = Release|Any CPU
		{4CA02224-127D-4F5C-A843-095AFD80C029}.Release|Any CPU.Build.0 = Release|Any CPU
		{28F11F31-33A1-4557-80C6-A94AF904075B}.Debug|Any CPU.ActiveCfg = Debug|Any CPU
		{28F11F31-33A1-4557-80C6-A94AF904075B}.Debug|Any CPU.Build.0 = Debug|Any CPU
		{28F11F31-33A1-4557-80C6-A94AF904075B}.Release|Any CPU.ActiveCfg = Release|Any CPU
		{28F11F31-33A1-4557-80C6-A94AF904075B}.Release|Any CPU.Build.0 = Release|Any CPU
	EndGlobalSection
	GlobalSection(SolutionProperties) = preSolution
		HideSolutionNode = FALSE
	EndGlobalSection
	GlobalSection(ExtensibilityGlobals) = postSolution
		SolutionGuid = {E185CF7B-715B-46C4-8964-87EE2AC4B7DD}
	EndGlobalSection
EndGlobal
